
Microsoft Visual Studio Solution File, Format Version 12.00
# Visual Studio 15
VisualStudioVersion = 15.0.26730.15
MinimumVisualStudioVersion = 10.0.40219.1
Project("{FAE04EC0-301F-11D3-BF4B-00C04F79EFBC}") = "Lucene.Indexing", "Lucene.Indexing\Lucene.Indexing.csproj", "{5DE00281-98ED-4A2D-A499-A29744254427}"
EndProject
Project("{FAE04EC0-301F-11D3-BF4B-00C04F79EFBC}") = "Indexing", "Indexing\Indexing.csproj", "{D1AABAEE-9E83-4456-AF28-4F02BA89352A}"
EndProject
Global
	GlobalSection(SolutionConfigurationPlatforms) = preSolution
		Debug|Any CPU = Debug|Any CPU
		Release|Any CPU = Release|Any CPU
	EndGlobalSection
	GlobalSection(ProjectConfigurationPlatforms) = postSolution
		{5DE00281-98ED-4A2D-A499-A29744254427}.Debug|Any CPU.ActiveCfg = Debug|Any CPU
		{5DE00281-98ED-4A2D-A499-A29744254427}.Debug|Any CPU.Build.0 = Debug|Any CPU
		{5DE00281-98ED-4A2D-A499-A29744254427}.Release|Any CPU.ActiveCfg = Release|Any CPU
		{5DE00281-98ED-4A2D-A499-A29744254427}.Release|Any CPU.Build.0 = Release|Any CPU
		{D1AABAEE-9E83-4456-AF28-4F02BA89352A}.Debug|Any CPU.ActiveCfg = Debug|Any CPU
		{D1AABAEE-9E83-4456-AF28-4F02BA89352A}.Debug|Any CPU.Build.0 = Debug|Any CPU
		{D1AABAEE-9E83-4456-AF28-4F02BA89352A}.Release|Any CPU.ActiveCfg = Release|Any CPU
		{D1AABAEE-9E83-4456-AF28-4F02BA89352A}.Release|Any CPU.Build.0 = Release|Any CPU
	EndGlobalSection
	GlobalSection(SolutionProperties) = preSolution
		HideSolutionNode = FALSE
	EndGlobalSection
	GlobalSection(ExtensibilityGlobals) = postSolution
		SolutionGuid = {1A2FABA4-D3DE-491A-8C98-38C403FE896E}
	EndGlobalSection
EndGlobal
